// !$*UTF8*$!
{
	archiveVersion = 1;
	classes = {
	};
	objectVersion = 55;
	objects = {

/* Begin PBXBuildFile section */
		1401CAD82837A1A400DBC13A /* ImageCell.swift in Sources */ = {isa = PBXBuildFile; fileRef = 1401CAD62837A1A400DBC13A /* ImageCell.swift */; };
		1401CAD92837A1A400DBC13A /* ImageCell.xib in Resources */ = {isa = PBXBuildFile; fileRef = 1401CAD72837A1A400DBC13A /* ImageCell.xib */; };
		1401CADC2837A35300DBC13A /* PhotoImageAdapter.swift in Sources */ = {isa = PBXBuildFile; fileRef = 1401CADB2837A35300DBC13A /* PhotoImageAdapter.swift */; };
		1401CADF2837A9FF00DBC13A /* PhotoImageHelper.swift in Sources */ = {isa = PBXBuildFile; fileRef = 1401CADE2837A9FF00DBC13A /* PhotoImageHelper.swift */; };
		14599C4E28365CAB002F8144 /* AppDelegate.swift in Sources */ = {isa = PBXBuildFile; fileRef = 14599C4D28365CAB002F8144 /* AppDelegate.swift */; };
		14599C5028365CAB002F8144 /* SceneDelegate.swift in Sources */ = {isa = PBXBuildFile; fileRef = 14599C4F28365CAB002F8144 /* SceneDelegate.swift */; };
		14599C5228365CAB002F8144 /* ViewController.swift in Sources */ = {isa = PBXBuildFile; fileRef = 14599C5128365CAB002F8144 /* ViewController.swift */; };
		14599C5528365CAB002F8144 /* Main.storyboard in Resources */ = {isa = PBXBuildFile; fileRef = 14599C5328365CAB002F8144 /* Main.storyboard */; };
		14599C5728365CAE002F8144 /* Assets.xcassets in Resources */ = {isa = PBXBuildFile; fileRef = 14599C5628365CAE002F8144 /* Assets.xcassets */; };
		14599C5A28365CAE002F8144 /* LaunchScreen.storyboard in Resources */ = {isa = PBXBuildFile; fileRef = 14599C5828365CAE002F8144 /* LaunchScreen.storyboard */; };
		14599C6428366B2F002F8144 /* ImagePickerVC.xib in Resources */ = {isa = PBXBuildFile; fileRef = 14599C6328366B2F002F8144 /* ImagePickerVC.xib */; };
		14599C6628366C71002F8144 /* ImagePickerVC.swift in Sources */ = {isa = PBXBuildFile; fileRef = 14599C6528366C71002F8144 /* ImagePickerVC.swift */; };
		149D1882283BFBA6002B6917 /* ListOwner.swift in Sources */ = {isa = PBXBuildFile; fileRef = 149D1881283BFBA6002B6917 /* ListOwner.swift */; };
/* End PBXBuildFile section */

/* Begin PBXFileReference section */
		1401CAD62837A1A400DBC13A /* ImageCell.swift */ = {isa = PBXFileReference; lastKnownFileType = sourcecode.swift; path = ImageCell.swift; sourceTree = "<group>"; };
		1401CAD72837A1A400DBC13A /* ImageCell.xib */ = {isa = PBXFileReference; lastKnownFileType = file.xib; path = ImageCell.xib; sourceTree = "<group>"; };
		1401CADB2837A35300DBC13A /* PhotoImageAdapter.swift */ = {isa = PBXFileReference; lastKnownFileType = sourcecode.swift; path = PhotoImageAdapter.swift; sourceTree = "<group>"; };
		1401CADE2837A9FF00DBC13A /* PhotoImageHelper.swift */ = {isa = PBXFileReference; lastKnownFileType = sourcecode.swift; path = PhotoImageHelper.swift; sourceTree = "<group>"; };
		14599C4A28365CAB002F8144 /* PhotoEditor.app */ = {isa = PBXFileReference; explicitFileType = wrapper.application; includeInIndex = 0; path = PhotoEditor.app; sourceTree = BUILT_PRODUCTS_DIR; };
		14599C4D28365CAB002F8144 /* AppDelegate.swift */ = {isa = PBXFileReference; lastKnownFileType = sourcecode.swift; path = AppDelegate.swift; sourceTree = "<group>"; };
		14599C4F28365CAB002F8144 /* SceneDelegate.swift */ = {isa = PBXFileReference; lastKnownFileType = sourcecode.swift; path = SceneDelegate.swift; sourceTree = "<group>"; };
		14599C5128365CAB002F8144 /* ViewController.swift */ = {isa = PBXFileReference; lastKnownFileType = sourcecode.swift; path = ViewController.swift; sourceTree = "<group>"; };
		14599C5428365CAB002F8144 /* Base */ = {isa = PBXFileReference; lastKnownFileType = file.storyboard; name = Base; path = Base.lproj/Main.storyboard; sourceTree = "<group>"; };
		14599C5628365CAE002F8144 /* Assets.xcassets */ = {isa = PBXFileReference; lastKnownFileType = folder.assetcatalog; path = Assets.xcassets; sourceTree = "<group>"; };
		14599C5928365CAE002F8144 /* Base */ = {isa = PBXFileReference; lastKnownFileType = file.storyboard; name = Base; path = Base.lproj/LaunchScreen.storyboard; sourceTree = "<group>"; };
		14599C5B28365CAE002F8144 /* Info.plist */ = {isa = PBXFileReference; lastKnownFileType = text.plist.xml; path = Info.plist; sourceTree = "<group>"; };
		14599C6328366B2F002F8144 /* ImagePickerVC.xib */ = {isa = PBXFileReference; lastKnownFileType = file.xib; path = ImagePickerVC.xib; sourceTree = "<group>"; };
		14599C6528366C71002F8144 /* ImagePickerVC.swift */ = {isa = PBXFileReference; lastKnownFileType = sourcecode.swift; path = ImagePickerVC.swift; sourceTree = "<group>"; };
		149D1881283BFBA6002B6917 /* ListOwner.swift */ = {isa = PBXFileReference; lastKnownFileType = sourcecode.swift; path = ListOwner.swift; sourceTree = "<group>"; };
/* End PBXFileReference section */

/* Begin PBXFrameworksBuildPhase section */
		14599C4728365CAB002F8144 /* Frameworks */ = {
			isa = PBXFrameworksBuildPhase;
			buildActionMask = 2147483647;
			files = (
			);
			runOnlyForDeploymentPostprocessing = 0;
		};
/* End PBXFrameworksBuildPhase section */

/* Begin PBXGroup section */
		1401CAD128379EEE00DBC13A /* Cell */ = {
			isa = PBXGroup;
			children = (
				1401CAD62837A1A400DBC13A /* ImageCell.swift */,
				1401CAD72837A1A400DBC13A /* ImageCell.xib */,
			);
			path = Cell;
			sourceTree = "<group>";
		};
		1401CADA2837A32A00DBC13A /* Adapter */ = {
			isa = PBXGroup;
			children = (
				1401CADB2837A35300DBC13A /* PhotoImageAdapter.swift */,
			);
			path = Adapter;
			sourceTree = "<group>";
		};
		1401CADD2837A9DC00DBC13A /* service */ = {
			isa = PBXGroup;
			children = (
				1401CADE2837A9FF00DBC13A /* PhotoImageHelper.swift */,
				149D1881283BFBA6002B6917 /* ListOwner.swift */,
			);
			path = service;
			sourceTree = "<group>";
		};
		14599C4128365CAB002F8144 = {
			isa = PBXGroup;
			children = (
				14599C4C28365CAB002F8144 /* PhotoEditor */,
				14599C4B28365CAB002F8144 /* Products */,
			);
			sourceTree = "<group>";
		};
		14599C4B28365CAB002F8144 /* Products */ = {
			isa = PBXGroup;
			children = (
				14599C4A28365CAB002F8144 /* PhotoEditor.app */,
			);
			name = Products;
			sourceTree = "<group>";
		};
		14599C4C28365CAB002F8144 /* PhotoEditor */ = {
			isa = PBXGroup;
			children = (
				14599C6128366AD7002F8144 /* PhotoSelect */,
				14599C4D28365CAB002F8144 /* AppDelegate.swift */,
				14599C4F28365CAB002F8144 /* SceneDelegate.swift */,
				14599C5128365CAB002F8144 /* ViewController.swift */,
				14599C5328365CAB002F8144 /* Main.storyboard */,
				14599C5628365CAE002F8144 /* Assets.xcassets */,
				14599C5828365CAE002F8144 /* LaunchScreen.storyboard */,
				14599C5B28365CAE002F8144 /* Info.plist */,
			);
			path = PhotoEditor;
			sourceTree = "<group>";
		};
		14599C6128366AD7002F8144 /* PhotoSelect */ = {
			isa = PBXGroup;
			children = (
				1401CADD2837A9DC00DBC13A /* service */,
				14599C6228366AF3002F8144 /* View */,
			);
			path = PhotoSelect;
			sourceTree = "<group>";
		};
		14599C6228366AF3002F8144 /* View */ = {
			isa = PBXGroup;
			children = (
				1401CADA2837A32A00DBC13A /* Adapter */,
				1401CAD128379EEE00DBC13A /* Cell */,
				14599C6328366B2F002F8144 /* ImagePickerVC.xib */,
				14599C6528366C71002F8144 /* ImagePickerVC.swift */,
			);
			path = View;
			sourceTree = "<group>";
		};
/* End PBXGroup section */

/* Begin PBXNativeTarget section */
		14599C4928365CAB002F8144 /* PhotoEditor */ = {
			isa = PBXNativeTarget;
			buildConfigurationList = 14599C5E28365CAE002F8144 /* Build configuration list for PBXNativeTarget "PhotoEditor" */;
			buildPhases = (
				1447EAA32837B51B00C8CD28 /* SwiftLint */,
				14599C4628365CAB002F8144 /* Sources */,
				14599C4728365CAB002F8144 /* Frameworks */,
				14599C4828365CAB002F8144 /* Resources */,
			);
			buildRules = (
			);
			dependencies = (
			);
			name = PhotoEditor;
			productName = PhotoEditor;
			productReference = 14599C4A28365CAB002F8144 /* PhotoEditor.app */;
			productType = "com.apple.product-type.application";
		};
/* End PBXNativeTarget section */

/* Begin PBXProject section */
		14599C4228365CAB002F8144 /* Project object */ = {
			isa = PBXProject;
			attributes = {
				BuildIndependentTargetsInParallel = 1;
				LastSwiftUpdateCheck = 1340;
				LastUpgradeCheck = 1340;
				TargetAttributes = {
					14599C4928365CAB002F8144 = {
						CreatedOnToolsVersion = 13.4;
					};
				};
			};
			buildConfigurationList = 14599C4528365CAB002F8144 /* Build configuration list for PBXProject "PhotoEditor" */;
			compatibilityVersion = "Xcode 13.0";
			developmentRegion = en;
			hasScannedForEncodings = 0;
			knownRegions = (
				en,
				Base,
			);
			mainGroup = 14599C4128365CAB002F8144;
			productRefGroup = 14599C4B28365CAB002F8144 /* Products */;
			projectDirPath = "";
			projectRoot = "";
			targets = (
				14599C4928365CAB002F8144 /* PhotoEditor */,
			);
		};
/* End PBXProject section */

/* Begin PBXResourcesBuildPhase section */
		14599C4828365CAB002F8144 /* Resources */ = {
			isa = PBXResourcesBuildPhase;
			buildActionMask = 2147483647;
			files = (
				14599C6428366B2F002F8144 /* ImagePickerVC.xib in Resources */,
				14599C5A28365CAE002F8144 /* LaunchScreen.storyboard in Resources */,
				14599C5728365CAE002F8144 /* Assets.xcassets in Resources */,
				1401CAD92837A1A400DBC13A /* ImageCell.xib in Resources */,
				14599C5528365CAB002F8144 /* Main.storyboard in Resources */,
			);
			runOnlyForDeploymentPostprocessing = 0;
		};
/* End PBXResourcesBuildPhase section */

/* Begin PBXShellScriptBuildPhase section */
		1447EAA32837B51B00C8CD28 /* SwiftLint */ = {
			isa = PBXShellScriptBuildPhase;
			buildActionMask = 2147483647;
			files = (
			);
			inputFileListPaths = (
			);
			inputPaths = (
			);
			name = SwiftLint;
			outputFileListPaths = (
			);
			outputPaths = (
			);
			runOnlyForDeploymentPostprocessing = 0;
			shellPath = /bin/sh;
			shellScript = "export PATH=\"$PATH:/opt/homebrew/bin\"\nif which swiftlint > /dev/null; then\n  swiftlint\nelse\n  echo \"warning: SwiftLint not installed, download from https://github.com/realm/SwiftLint\"\nfi\n";
		};
/* End PBXShellScriptBuildPhase section */

/* Begin PBXSourcesBuildPhase section */
		14599C4628365CAB002F8144 /* Sources */ = {
			isa = PBXSourcesBuildPhase;
			buildActionMask = 2147483647;
			files = (
				14599C6628366C71002F8144 /* ImagePickerVC.swift in Sources */,
				149D1882283BFBA6002B6917 /* ListOwner.swift in Sources */,
				14599C5228365CAB002F8144 /* ViewController.swift in Sources */,
				14599C4E28365CAB002F8144 /* AppDelegate.swift in Sources */,
				14599C5028365CAB002F8144 /* SceneDelegate.swift in Sources */,
				1401CADC2837A35300DBC13A /* PhotoImageAdapter.swift in Sources */,
				1401CAD82837A1A400DBC13A /* ImageCell.swift in Sources */,
				1401CADF2837A9FF00DBC13A /* PhotoImageHelper.swift in Sources */,
			);
			runOnlyForDeploymentPostprocessing = 0;
		};
/* End PBXSourcesBuildPhase section */

/* Begin PBXVariantGroup section */
		14599C5328365CAB002F8144 /* Main.storyboard */ = {
			isa = PBXVariantGroup;
			children = (
				14599C5428365CAB002F8144 /* Base */,
			);
			name = Main.storyboard;
			sourceTree = "<group>";
		};
		14599C5828365CAE002F8144 /* LaunchScreen.storyboard */ = {
			isa = PBXVariantGroup;
			children = (
				14599C5928365CAE002F8144 /* Base */,
			);
			name = LaunchScreen.storyboard;
			sourceTree = "<group>";
		};
/* End PBXVariantGroup section */

/* Begin XCBuildConfiguration section */
		14599C5C28365CAE002F8144 /* Debug */ = {
			isa = XCBuildConfiguration;
			buildSettings = {
				ALWAYS_SEARCH_USER_PATHS = NO;
				CLANG_ANALYZER_NONNULL = YES;
				CLANG_ANALYZER_NUMBER_OBJECT_CONVERSION = YES_AGGRESSIVE;
				CLANG_CXX_LANGUAGE_STANDARD = "gnu++17";
				CLANG_ENABLE_MODULES = YES;
				CLANG_ENABLE_OBJC_ARC = YES;
				CLANG_ENABLE_OBJC_WEAK = YES;
				CLANG_WARN_BLOCK_CAPTURE_AUTORELEASING = YES;
				CLANG_WARN_BOOL_CONVERSION = YES;
				CLANG_WARN_COMMA = YES;
				CLANG_WARN_CONSTANT_CONVERSION = YES;
				CLANG_WARN_DEPRECATED_OBJC_IMPLEMENTATIONS = YES;
				CLANG_WARN_DIRECT_OBJC_ISA_USAGE = YES_ERROR;
				CLANG_WARN_DOCUMENTATION_COMMENTS = YES;
				CLANG_WARN_EMPTY_BODY = YES;
				CLANG_WARN_ENUM_CONVERSION = YES;
				CLANG_WARN_INFINITE_RECURSION = YES;
				CLANG_WARN_INT_CONVERSION = YES;
				CLANG_WARN_NON_LITERAL_NULL_CONVERSION = YES;
				CLANG_WARN_OBJC_IMPLICIT_RETAIN_SELF = YES;
				CLANG_WARN_OBJC_LITERAL_CONVERSION = YES;
				CLANG_WARN_OBJC_ROOT_CLASS = YES_ERROR;
				CLANG_WARN_QUOTED_INCLUDE_IN_FRAMEWORK_HEADER = YES;
				CLANG_WARN_RANGE_LOOP_ANALYSIS = YES;
				CLANG_WARN_STRICT_PROTOTYPES = YES;
				CLANG_WARN_SUSPICIOUS_MOVE = YES;
				CLANG_WARN_UNGUARDED_AVAILABILITY = YES_AGGRESSIVE;
				CLANG_WARN_UNREACHABLE_CODE = YES;
				CLANG_WARN__DUPLICATE_METHOD_MATCH = YES;
				COPY_PHASE_STRIP = NO;
				DEBUG_INFORMATION_FORMAT = dwarf;
				ENABLE_STRICT_OBJC_MSGSEND = YES;
				ENABLE_TESTABILITY = YES;
				GCC_C_LANGUAGE_STANDARD = gnu11;
				GCC_DYNAMIC_NO_PIC = NO;
				GCC_NO_COMMON_BLOCKS = YES;
				GCC_OPTIMIZATION_LEVEL = 0;
				GCC_PREPROCESSOR_DEFINITIONS = (
					"DEBUG=1",
					"$(inherited)",
				);
				GCC_WARN_64_TO_32_BIT_CONVERSION = YES;
				GCC_WARN_ABOUT_RETURN_TYPE = YES_ERROR;
				GCC_WARN_UNDECLARED_SELECTOR = YES;
				GCC_WARN_UNINITIALIZED_AUTOS = YES_AGGRESSIVE;
				GCC_WARN_UNUSED_FUNCTION = YES;
				GCC_WARN_UNUSED_VARIABLE = YES;
				IPHONEOS_DEPLOYMENT_TARGET = 15.5;
				MTL_ENABLE_DEBUG_INFO = INCLUDE_SOURCE;
				MTL_FAST_MATH = YES;
				ONLY_ACTIVE_ARCH = YES;
				SDKROOT = iphoneos;
				SWIFT_ACTIVE_COMPILATION_CONDITIONS = DEBUG;
				SWIFT_OPTIMIZATION_LEVEL = "-Onone";
			};
			name = Debug;
		};
		14599C5D28365CAE002F8144 /* Release */ = {
			isa = XCBuildConfiguration;
			buildSettings = {
				ALWAYS_SEARCH_USER_PATHS = NO;
				CLANG_ANALYZER_NONNULL = YES;
				CLANG_ANALYZER_NUMBER_OBJECT_CONVERSION = YES_AGGRESSIVE;
				CLANG_CXX_LANGUAGE_STANDARD = "gnu++17";
				CLANG_ENABLE_MODULES = YES;
				CLANG_ENABLE_OBJC_ARC = YES;
				CLANG_ENABLE_OBJC_WEAK = YES;
				CLANG_WARN_BLOCK_CAPTURE_AUTORELEASING = YES;
				CLANG_WARN_BOOL_CONVERSION = YES;
				CLANG_WARN_COMMA = YES;
				CLANG_WARN_CONSTANT_CONVERSION = YES;
				CLANG_WARN_DEPRECATED_OBJC_IMPLEMENTATIONS = YES;
				CLANG_WARN_DIRECT_OBJC_ISA_USAGE = YES_ERROR;
				CLANG_WARN_DOCUMENTATION_COMMENTS = YES;
				CLANG_WARN_EMPTY_BODY = YES;
				CLANG_WARN_ENUM_CONVERSION = YES;
				CLANG_WARN_INFINITE_RECURSION = YES;
				CLANG_WARN_INT_CONVERSION = YES;
				CLANG_WARN_NON_LITERAL_NULL_CONVERSION = YES;
				CLANG_WARN_OBJC_IMPLICIT_RETAIN_SELF = YES;
				CLANG_WARN_OBJC_LITERAL_CONVERSION = YES;
				CLANG_WARN_OBJC_ROOT_CLASS = YES_ERROR;
				CLANG_WARN_QUOTED_INCLUDE_IN_FRAMEWORK_HEADER = YES;
				CLANG_WARN_RANGE_LOOP_ANALYSIS = YES;
				CLANG_WARN_STRICT_PROTOTYPES = YES;
				CLANG_WARN_SUSPICIOUS_MOVE = YES;
				CLANG_WARN_UNGUARDED_AVAILABILITY = YES_AGGRESSIVE;
				CLANG_WARN_UNREACHABLE_CODE = YES;
				CLANG_WARN__DUPLICATE_METHOD_MATCH = YES;
				COPY_PHASE_STRIP = NO;
				DEBUG_INFORMATION_FORMAT = "dwarf-with-dsym";
				ENABLE_NS_ASSERTIONS = NO;
				ENABLE_STRICT_OBJC_MSGSEND = YES;
				GCC_C_LANGUAGE_STANDARD = gnu11;
				GCC_NO_COMMON_BLOCKS = YES;
				GCC_WARN_64_TO_32_BIT_CONVERSION = YES;
				GCC_WARN_ABOUT_RETURN_TYPE = YES_ERROR;
				GCC_WARN_UNDECLARED_SELECTOR = YES;
				GCC_WARN_UNINITIALIZED_AUTOS = YES_AGGRESSIVE;
				GCC_WARN_UNUSED_FUNCTION = YES;
				GCC_WARN_UNUSED_VARIABLE = YES;
				IPHONEOS_DEPLOYMENT_TARGET = 15.5;
				MTL_ENABLE_DEBUG_INFO = NO;
				MTL_FAST_MATH = YES;
				SDKROOT = iphoneos;
				SWIFT_COMPILATION_MODE = wholemodule;
				SWIFT_OPTIMIZATION_LEVEL = "-O";
				VALIDATE_PRODUCT = YES;
			};
			name = Release;
		};
		14599C5F28365CAE002F8144 /* Debug */ = {
			isa = XCBuildConfiguration;
			buildSettings = {
				ASSETCATALOG_COMPILER_APPICON_NAME = AppIcon;
				ASSETCATALOG_COMPILER_GLOBAL_ACCENT_COLOR_NAME = AccentColor;
				CODE_SIGN_STYLE = Automatic;
				CURRENT_PROJECT_VERSION = 1;
				DEVELOPMENT_TEAM = 98ZJ8CWRWW;
				GENERATE_INFOPLIST_FILE = YES;
				INFOPLIST_FILE = PhotoEditor/Info.plist;
				INFOPLIST_KEY_NSPhotoLibraryAddUsageDescription = "Нужен доступ к фото";
				INFOPLIST_KEY_NSPhotoLibraryUsageDescription = "Нужен доступ к фото";
				INFOPLIST_KEY_UIApplicationSupportsIndirectInputEvents = YES;
				INFOPLIST_KEY_UILaunchStoryboardName = LaunchScreen;
				INFOPLIST_KEY_UIMainStoryboardFile = Main;
				INFOPLIST_KEY_UISupportedInterfaceOrientations_iPad = "UIInterfaceOrientationPortrait UIInterfaceOrientationPortraitUpsideDown UIInterfaceOrientationLandscapeLeft UIInterfaceOrientationLandscapeRight";
				INFOPLIST_KEY_UISupportedInterfaceOrientations_iPhone = "UIInterfaceOrientationPortrait UIInterfaceOrientationLandscapeLeft UIInterfaceOrientationLandscapeRight";
				LD_RUNPATH_SEARCH_PATHS = (
					"$(inherited)",
					"@executable_path/Frameworks",
				);
				MARKETING_VERSION = 1.0;
				PRODUCT_BUNDLE_IDENTIFIER = ru.kostyaalehin.PhotoEditor;
				PRODUCT_NAME = "$(TARGET_NAME)";
				SWIFT_EMIT_LOC_STRINGS = YES;
				SWIFT_VERSION = 5.0;
				TARGETED_DEVICE_FAMILY = "1,2";
			};
			name = Debug;
		};
		14599C6028365CAE002F8144 /* Release */ = {
			isa = XCBuildConfiguration;
			buildSettings = {
				ASSETCATALOG_COMPILER_APPICON_NAME = AppIcon;
				ASSETCATALOG_COMPILER_GLOBAL_ACCENT_COLOR_NAME = AccentColor;
				CODE_SIGN_STYLE = Automatic;
				CURRENT_PROJECT_VERSION = 1;
				DEVELOPMENT_TEAM = 98ZJ8CWRWW;
				GENERATE_INFOPLIST_FILE = YES;
				INFOPLIST_FILE = PhotoEditor/Info.plist;
				INFOPLIST_KEY_NSPhotoLibraryAddUsageDescription = "Нужен доступ к фото";
				INFOPLIST_KEY_NSPhotoLibraryUsageDescription = "Нужен доступ к фото";
				INFOPLIST_KEY_UIApplicationSupportsIndirectInputEvents = YES;
				INFOPLIST_KEY_UILaunchStoryboardName = LaunchScreen;
				INFOPLIST_KEY_UIMainStoryboardFile = Main;
				INFOPLIST_KEY_UISupportedInterfaceOrientations_iPad = "UIInterfaceOrientationPortrait UIInterfaceOrientationPortraitUpsideDown UIInterfaceOrientationLandscapeLeft UIInterfaceOrientationLandscapeRight";
				INFOPLIST_KEY_UISupportedInterfaceOrientations_iPhone = "UIInterfaceOrientationPortrait UIInterfaceOrientationLandscapeLeft UIInterfaceOrientationLandscapeRight";
				LD_RUNPATH_SEARCH_PATHS = (
					"$(inherited)",
					"@executable_path/Frameworks",
				);
				MARKETING_VERSION = 1.0;
				PRODUCT_BUNDLE_IDENTIFIER = ru.kostyaalehin.PhotoEditor;
				PRODUCT_NAME = "$(TARGET_NAME)";
				SWIFT_EMIT_LOC_STRINGS = YES;
				SWIFT_VERSION = 5.0;
				TARGETED_DEVICE_FAMILY = "1,2";
			};
			name = Release;
		};
/* End XCBuildConfiguration section */

/* Begin XCConfigurationList section */
		14599C4528365CAB002F8144 /* Build configuration list for PBXProject "PhotoEditor" */ = {
			isa = XCConfigurationList;
			buildConfigurations = (
				14599C5C28365CAE002F8144 /* Debug */,
				14599C5D28365CAE002F8144 /* Release */,
			);
			defaultConfigurationIsVisible = 0;
			defaultConfigurationName = Release;
		};
		14599C5E28365CAE002F8144 /* Build configuration list for PBXNativeTarget "PhotoEditor" */ = {
			isa = XCConfigurationList;
			buildConfigurations = (
				14599C5F28365CAE002F8144 /* Debug */,
				14599C6028365CAE002F8144 /* Release */,
			);
			defaultConfigurationIsVisible = 0;
			defaultConfigurationName = Release;
		};
/* End XCConfigurationList section */
	};
	rootObject = 14599C4228365CAB002F8144 /* Project object */;
}
